
Microsoft Visual Studio Solution File, Format Version 12.00
# Visual Studio Version 17
VisualStudioVersion = 17.7.34221.43
MinimumVisualStudioVersion = 10.0.40219.1
Project("{FAE04EC0-301F-11D3-BF4B-00C04F79EFBC}") = "MPC4-5", "MPC4-5.csproj", "{782D3F81-04A5-41C9-AE9D-B5E5E92C76F4}"
EndProject
Global
	GlobalSection(SolutionConfigurationPlatforms) = preSolution
		Debug|Any CPU = Debug|Any CPU
		Release|Any CPU = Release|Any CPU
	EndGlobalSection
	GlobalSection(ProjectConfigurationPlatforms) = postSolution
		{782D3F81-04A5-41C9-AE9D-B5E5E92C76F4}.Debug|Any CPU.ActiveCfg = Debug|Any CPU
		{782D3F81-04A5-41C9-AE9D-B5E5E92C76F4}.Debug|Any CPU.Build.0 = Debug|Any CPU
		{782D3F81-04A5-41C9-AE9D-B5E5E92C76F4}.Release|Any CPU.ActiveCfg = Release|Any CPU
		{782D3F81-04A5-41C9-AE9D-B5E5E92C76F4}.Release|Any CPU.Build.0 = Release|Any CPU
	EndGlobalSection
	GlobalSection(SolutionProperties) = preSolution
		HideSolutionNode = FALSE
	EndGlobalSection
	GlobalSection(ExtensibilityGlobals) = postSolution
		SolutionGuid = {60057A34-539A-4CCE-B2B9-7FA2BE1DFC7F}
	EndGlobalSection
EndGlobal
